
Microsoft Visual Studio Solution File, Format Version 12.00
# Visual Studio Version 16
VisualStudioVersion = 16.0.31129.286
MinimumVisualStudioVersion = 10.0.40219.1
Project("{9A19103F-16F7-4668-BE54-9A1E7A4F7556}") = "DataAccess", "DataAccess\DataAccess.csproj", "{F7C5DB8D-DE65-40A1-BF6B-BCAC8733D717}"
EndProject
Project("{9A19103F-16F7-4668-BE54-9A1E7A4F7556}") = "Business", "Business\Business.csproj", "{1C0D1EFD-6C95-4197-A750-09A21B8ADDDC}"
EndProject
Project("{9A19103F-16F7-4668-BE54-9A1E7A4F7556}") = "Entities", "Entities\Entities.csproj", "{A1EBE284-826F-4149-A4C7-19643ED6873C}"
EndProject
Project("{9A19103F-16F7-4668-BE54-9A1E7A4F7556}") = "WebUI", "WebUI\WebUI.csproj", "{AE4F7994-243E-4DE1-95C4-F44DB9F3B8AD}"
EndProject
Project("{2150E333-8FDC-42A3-9474-1A3956D46DE8}") = "fronted", "fronted", "{4C4EB5A6-98C2-41A2-BAA0-5E1ECAFCF315}"
EndProject
Global
	GlobalSection(SolutionConfigurationPlatforms) = preSolution
		Debug|Any CPU = Debug|Any CPU
		Release|Any CPU = Release|Any CPU
	EndGlobalSection
	GlobalSection(ProjectConfigurationPlatforms) = postSolution
		{F7C5DB8D-DE65-40A1-BF6B-BCAC8733D717}.Debug|Any CPU.ActiveCfg = Debug|Any CPU
		{F7C5DB8D-DE65-40A1-BF6B-BCAC8733D717}.Debug|Any CPU.Build.0 = Debug|Any CPU
		{F7C5DB8D-DE65-40A1-BF6B-BCAC8733D717}.Release|Any CPU.ActiveCfg = Release|Any CPU
		{F7C5DB8D-DE65-40A1-BF6B-BCAC8733D717}.Release|Any CPU.Build.0 = Release|Any CPU
		{1C0D1EFD-6C95-4197-A750-09A21B8ADDDC}.Debug|Any CPU.ActiveCfg = Debug|Any CPU
		{1C0D1EFD-6C95-4197-A750-09A21B8ADDDC}.Debug|Any CPU.Build.0 = Debug|Any CPU
		{1C0D1EFD-6C95-4197-A750-09A21B8ADDDC}.Release|Any CPU.ActiveCfg = Release|Any CPU
		{1C0D1EFD-6C95-4197-A750-09A21B8ADDDC}.Release|Any CPU.Build.0 = Release|Any CPU
		{A1EBE284-826F-4149-A4C7-19643ED6873C}.Debug|Any CPU.ActiveCfg = Debug|Any CPU
		{A1EBE284-826F-4149-A4C7-19643ED6873C}.Debug|Any CPU.Build.0 = Debug|Any CPU
		{A1EBE284-826F-4149-A4C7-19643ED6873C}.Release|Any CPU.ActiveCfg = Release|Any CPU
		{A1EBE284-826F-4149-A4C7-19643ED6873C}.Release|Any CPU.Build.0 = Release|Any CPU
		{AE4F7994-243E-4DE1-95C4-F44DB9F3B8AD}.Debug|Any CPU.ActiveCfg = Debug|Any CPU
		{AE4F7994-243E-4DE1-95C4-F44DB9F3B8AD}.Debug|Any CPU.Build.0 = Debug|Any CPU
		{AE4F7994-243E-4DE1-95C4-F44DB9F3B8AD}.Release|Any CPU.ActiveCfg = Release|Any CPU
		{AE4F7994-243E-4DE1-95C4-F44DB9F3B8AD}.Release|Any CPU.Build.0 = Release|Any CPU
	EndGlobalSection
	GlobalSection(SolutionProperties) = preSolution
		HideSolutionNode = FALSE
	EndGlobalSection
	GlobalSection(ExtensibilityGlobals) = postSolution
		SolutionGuid = {624B70F6-383D-4CB7-B78C-33F1F5E7CC58}
	EndGlobalSection
EndGlobal
